{
  "nodes": {
    "herdr": {
      "inputs": {
        "nixpkgs": "nixpkgs"
      },
      "locked": {
        "lastModified": 1782758208,
        "narHash": "sha256-4h4P25a5l1EfN4FOfl14uc7NyKCLjRKXVXVllHikur0=",
        "owner": "ogulcancelik",
        "repo": "herdr",
        "rev": "9150ed6268874d1f2a314b1ddbf531b66df1e105",
        "type": "github"
      },
      "original": {
        "owner": "ogulcancelik",
        "repo": "herdr",
        "type": "github"
      }
    },
    "home-manager": {
      "inputs": {
        "nixpkgs": [
          "nixpkgs"
        ]
      },
      "locked": {
        "lastModified": 1780679734,
        "narHash": "sha256-KmRNvpNOb7QEORa06bVgjW9kITcx0VhsI7w0vhmZyD8=",
        "owner": "nix-community",
        "repo": "home-manager",
        "rev": "b2b7db486e06e098711dc291bb25db82850e1d16",
        "type": "github"
      },
      "original": {
        "owner": "nix-community",
        "repo": "home-manager",
        "type": "github"
      }
    },
    "nix-darwin": {
      "inputs": {
        "nixpkgs": [
          "nixpkgs"
        ]
      },
      "locked": {
        "lastModified": 1781761792,
        "narHash": "sha256-rCPytmKNjctLloB6UgK5CRrHSwV4b0ygxtJLPPp8R14=",
        "owner": "nix-darwin",
        "repo": "nix-darwin",
        "rev": "a1fa429e945becaf60468600daf649be4ba0350c",
        "type": "github"
      },
      "original": {
        "owner": "nix-darwin",
        "repo": "nix-darwin",
        "type": "github"
      }
    },
    "nixpkgs": {
      "locked": {
        "lastModified": 1779357205,
        "narHash": "sha256-cCO8aTqss5x9Ky8GWkpY0Hy5fyTZEbtifSUV8QjSzic=",
        "owner": "NixOS",
        "repo": "nixpkgs",
        "rev": "f83fc3c307e74bc5fd5adb7eb6b8b13ffd2a36e1",
        "type": "github"
      },
      "original": {
        "owner": "NixOS",
        "ref": "nixos-unstable",
        "repo": "nixpkgs",
        "type": "github"
      }
    },
    "nixpkgs-neovim": {
      "locked": {
        "lastModified": 1774869954,
        "narHash": "sha256-m31DOyCINYPKxtQL1rF5b2WJShzCObxWUcElqXHGwwU=",
        "owner": "NixOS",
        "repo": "nixpkgs",
        "rev": "ccb635f945aa6d34300627e70633878645db2db3",
        "type": "github"
      },
      "original": {
        "owner": "NixOS",
        "repo": "nixpkgs",
        "rev": "ccb635f945aa6d34300627e70633878645db2db3",
        "type": "github"
      }
    },
    "nixpkgs_2": {
      "locked": {
        "lastModified": 1780243769,
        "narHash": "sha256-x5UQuRsH3MqI0U9afaXSNqzTPSeZlRLvFAav2Ux1pNw=",
        "owner": "NixOS",
        "repo": "nixpkgs",
        "rev": "331800de5053fcebacf6813adb5db9c9dca22a0c",
        "type": "github"
      },
      "original": {
        "owner": "NixOS",
        "ref": "nixos-unstable",
        "repo": "nixpkgs",
        "type": "github"
      }
    },
    "root": {
      "inputs": {
        "herdr": "herdr",
        "home-manager": "home-manager",
        "nix-darwin": "nix-darwin",
        "nixpkgs": "nixpkgs_2",
        "nixpkgs-neovim": "nixpkgs-neovim",
        "sops-nix": "sops-nix",
        "work-dotfiles": "work-dotfiles"
      }
    },
    "sops-nix": {
      "inputs": {
        "nixpkgs": [
          "nixpkgs"
        ]
      },
      "locked": {
        "lastModified": 1783174389,
        "narHash": "sha256-aCWC8ngycU7OdJrU2+Je3qf+1a2ykuBvpPhZT/9tXMc=",
        "owner": "Mic92",
        "repo": "sops-nix",
        "rev": "f1406619a3884cd5c47992a70b8b35c9c0fcb4c9",
        "type": "github"
      },
      "original": {
        "owner": "Mic92",
        "repo": "sops-nix",
        "type": "github"
      }
    },
    "work-dotfiles": {
      "locked": {
        "lastModified": 1783988032,
        "narHash": "sha256-CmLMEij0lEt+N9F/xMbx2hqefWBIfpdNUjahneTKNv0=",
        "ref": "refs/heads/master",
        "rev": "2d17d8e03f33e674afca84c77eb00ad44c6c6f33",
        "revCount": 4,
        "type": "git",
        "url": "ssh://git@github.com/romanceOSX/work-dotfiles.git"
      },
      "original": {
        "type": "git",
        "url": "ssh://git@github.com/romanceOSX/work-dotfiles.git"
      }
    }
  },
  "root": "root",
  "version": 7
}
